// !$*UTF8*$!
{
	archiveVersion = 1;
	classes = {
	};
	objectVersion = 50;
	objects = {

/* Begin PBXBuildFile section */
		18802D3F24879D7600B973E3 /* AppDelegate.m in Sources */ = {isa = PBXBuildFile; fileRef = 18802D3E24879D7600B973E3 /* AppDelegate.m */; };
		18802D4224879D7600B973E3 /* SceneDelegate.m in Sources */ = {isa = PBXBuildFile; fileRef = 18802D4124879D7600B973E3 /* SceneDelegate.m */; };
		18802D4524879D7600B973E3 /* ViewController.m in Sources */ = {isa = PBXBuildFile; fileRef = 18802D4424879D7600B973E3 /* ViewController.m */; };
		18802D4824879D7600B973E3 /* Main.storyboard in Resources */ = {isa = PBXBuildFile; fileRef = 18802D4624879D7600B973E3 /* Main.storyboard */; };
		18802D4A24879D7700B973E3 /* Assets.xcassets in Resources */ = {isa = PBXBuildFile; fileRef = 18802D4924879D7700B973E3 /* Assets.xcassets */; };
		18802D4D24879D7700B973E3 /* LaunchScreen.storyboard in Resources */ = {isa = PBXBuildFile; fileRef = 18802D4B24879D7700B973E3 /* LaunchScreen.storyboard */; };
		18802D5024879D7700B973E3 /* main.m in Sources */ = {isa = PBXBuildFile; fileRef = 18802D4F24879D7700B973E3 /* main.m */; };
		CA590CDB020F55EC27AECBDD /* Pods_HTDemo.framework in Frameworks */ = {isa = PBXBuildFile; fileRef = FB9DD3D33FD2E30D2B0F56A0 /* Pods_HTDemo.framework */; };
/* End PBXBuildFile section */

/* Begin PBXFileReference section */
		18802D3A24879D7600B973E3 /* HTDemo.app */ = {isa = PBXFileReference; explicitFileType = wrapper.application; includeInIndex = 0; path = HTDemo.app; sourceTree = BUILT_PRODUCTS_DIR; };
		18802D3D24879D7600B973E3 /* AppDelegate.h */ = {isa = PBXFileReference; lastKnownFileType = sourcecode.c.h; path = AppDelegate.h; sourceTree = "<group>"; };
		18802D3E24879D7600B973E3 /* AppDelegate.m */ = {isa = PBXFileReference; lastKnownFileType = sourcecode.c.objc; path = AppDelegate.m; sourceTree = "<group>"; };
		18802D4024879D7600B973E3 /* SceneDelegate.h */ = {isa = PBXFileReference; lastKnownFileType = sourcecode.c.h; path = SceneDelegate.h; sourceTree = "<group>"; };
		18802D4124879D7600B973E3 /* SceneDelegate.m */ = {isa = PBXFileReference; lastKnownFileType = sourcecode.c.objc; path = SceneDelegate.m; sourceTree = "<group>"; };
		18802D4324879D7600B973E3 /* ViewController.h */ = {isa = PBXFileReference; lastKnownFileType = sourcecode.c.h; path = ViewController.h; sourceTree = "<group>"; };
		18802D4424879D7600B973E3 /* ViewController.m */ = {isa = PBXFileReference; lastKnownFileType = sourcecode.c.objc; path = ViewController.m; sourceTree = "<group>"; };
		18802D4724879D7600B973E3 /* Base */ = {isa = PBXFileReference; lastKnownFileType = file.storyboard; name = Base; path = Base.lproj/Main.storyboard; sourceTree = "<group>"; };
		18802D4924879D7700B973E3 /* Assets.xcassets */ = {isa = PBXFileReference; lastKnownFileType = folder.assetcatalog; path = Assets.xcassets; sourceTree = "<group>"; };
		18802D4C24879D7700B973E3 /* Base */ = {isa = PBXFileReference; lastKnownFileType = file.storyboard; name = Base; path = Base.lproj/LaunchScreen.storyboard; sourceTree = "<group>"; };
		18802D4E24879D7700B973E3 /* Info.plist */ = {isa = PBXFileReference; lastKnownFileType = text.plist.xml; path = Info.plist; sourceTree = "<group>"; };
		18802D4F24879D7700B973E3 /* main.m */ = {isa = PBXFileReference; lastKnownFileType = sourcecode.c.objc; path = main.m; sourceTree = "<group>"; };
		32FF89AE953601F2C749A27B /* Pods-HTDemo.release.xcconfig */ = {isa = PBXFileReference; includeInIndex = 1; lastKnownFileType = text.xcconfig; name = "Pods-HTDemo.release.xcconfig"; path = "Target Support Files/Pods-HTDemo/Pods-HTDemo.release.xcconfig"; sourceTree = "<group>"; };
		5C29B40903E001152538848C /* Pods-HTDemo.debug.xcconfig */ = {isa = PBXFileReference; includeInIndex = 1; lastKnownFileType = text.xcconfig; name = "Pods-HTDemo.debug.xcconfig"; path = "Target Support Files/Pods-HTDemo/Pods-HTDemo.debug.xcconfig"; sourceTree = "<group>"; };
		FB9DD3D33FD2E30D2B0F56A0 /* Pods_HTDemo.framework */ = {isa = PBXFileReference; explicitFileType = wrapper.framework; includeInIndex = 0; path = Pods_HTDemo.framework; sourceTree = BUILT_PRODUCTS_DIR; };
/* End PBXFileReference section */

/* Begin PBXFrameworksBuildPhase section */
		18802D3724879D7600B973E3 /* Frameworks */ = {
			isa = PBXFrameworksBuildPhase;
			buildActionMask = 2147483647;
			files = (
				CA590CDB020F55EC27AECBDD /* Pods_HTDemo.framework in Frameworks */,
			);
			runOnlyForDeploymentPostprocessing = 0;
		};
/* End PBXFrameworksBuildPhase section */

/* Begin PBXGroup section */
		18802D3124879D7600B973E3 = {
			isa = PBXGroup;
			children = (
				18802D3C24879D7600B973E3 /* HTDemo */,
				18802D3B24879D7600B973E3 /* Products */,
				266665E00F2BD3B20AEE8AFB /* Pods */,
				AE158FCD03D9D7B88B0F5B10 /* Frameworks */,
			);
			sourceTree = "<group>";
		};
		18802D3B24879D7600B973E3 /* Products */ = {
			isa = PBXGroup;
			children = (
				18802D3A24879D7600B973E3 /* HTDemo.app */,
			);
			name = Products;
			sourceTree = "<group>";
		};
		18802D3C24879D7600B973E3 /* HTDemo */ = {
			isa = PBXGroup;
			children = (
				18802D3D24879D7600B973E3 /* AppDelegate.h */,
				18802D3E24879D7600B973E3 /* AppDelegate.m */,
				18802D4024879D7600B973E3 /* SceneDelegate.h */,
				18802D4124879D7600B973E3 /* SceneDelegate.m */,
				18802D4324879D7600B973E3 /* ViewController.h */,
				18802D4424879D7600B973E3 /* ViewController.m */,
				18802D4624879D7600B973E3 /* Main.storyboard */,
				18802D4924879D7700B973E3 /* Assets.xcassets */,
				18802D4B24879D7700B973E3 /* LaunchScreen.storyboard */,
				18802D4E24879D7700B973E3 /* Info.plist */,
				18802D4F24879D7700B973E3 /* main.m */,
			);
			path = HTDemo;
			sourceTree = "<group>";
		};
		266665E00F2BD3B20AEE8AFB /* Pods */ = {
			isa = PBXGroup;
			children = (
				5C29B40903E001152538848C /* Pods-HTDemo.debug.xcconfig */,
				32FF89AE953601F2C749A27B /* Pods-HTDemo.release.xcconfig */,
			);
			name = Pods;
			path = Pods;
			sourceTree = "<group>";
		};
		AE158FCD03D9D7B88B0F5B10 /* Frameworks */ = {
			isa = PBXGroup;
			children = (
				FB9DD3D33FD2E30D2B0F56A0 /* Pods_HTDemo.framework */,
			);
			name = Frameworks;
			sourceTree = "<group>";
		};
/* End PBXGroup section */

/* Begin PBXNativeTarget section */
		18802D3924879D7600B973E3 /* HTDemo */ = {
			isa = PBXNativeTarget;
			buildConfigurationList = 18802D5324879D7700B973E3 /* Build configuration list for PBXNativeTarget "HTDemo" */;
			buildPhases = (
				9CB21A29D505E23916D5C064 /* [CP] Check Pods Manifest.lock */,
				18802D3624879D7600B973E3 /* Sources */,
				18802D3724879D7600B973E3 /* Frameworks */,
				18802D3824879D7600B973E3 /* Resources */,
				6EA24E7109E71E51B673DF09 /* [CP] Embed Pods Frameworks */,
			);
			buildRules = (
			);
			dependencies = (
			);
			name = HTDemo;
			productName = HTDemo;
			productReference = 18802D3A24879D7600B973E3 /* HTDemo.app */;
			productType = "com.apple.product-type.application";
		};
/* End PBXNativeTarget section */

/* Begin PBXProject section */
		18802D3224879D7600B973E3 /* Project object */ = {
			isa = PBXProject;
			attributes = {
				LastUpgradeCheck = 1130;
				ORGANIZATIONNAME = apple;
				TargetAttributes = {
					18802D3924879D7600B973E3 = {
						CreatedOnToolsVersion = 11.3.1;
					};
				};
			};
			buildConfigurationList = 18802D3524879D7600B973E3 /* Build configuration list for PBXProject "HTDemo" */;
			compatibilityVersion = "Xcode 9.3";
			developmentRegion = en;
			hasScannedForEncodings = 0;
			knownRegions = (
				en,
				Base,
			);
			mainGroup = 18802D3124879D7600B973E3;
			productRefGroup = 18802D3B24879D7600B973E3 /* Products */;
			projectDirPath = "";
			projectRoot = "";
			targets = (
				18802D3924879D7600B973E3 /* HTDemo */,
			);
		};
/* End PBXProject section */

/* Begin PBXResourcesBuildPhase section */
		18802D3824879D7600B973E3 /* Resources */ = {
			isa = PBXResourcesBuildPhase;
			buildActionMask = 2147483647;
			files = (
				18802D4D24879D7700B973E3 /* LaunchScreen.storyboard in Resources */,
				18802D4A24879D7700B973E3 /* Assets.xcassets in Resources */,
				18802D4824879D7600B973E3 /* Main.storyboard in Resources */,
			);
			runOnlyForDeploymentPostprocessing = 0;
		};
/* End PBXResourcesBuildPhase section */

/* Begin PBXShellScriptBuildPhase section */
		6EA24E7109E71E51B673DF09 /* [CP] Embed Pods Frameworks */ = {
			isa = PBXShellScriptBuildPhase;
			buildActionMask = 2147483647;
			files = (
			);
			inputFileListPaths = (
				"${PODS_ROOT}/Target Support Files/Pods-HTDemo/Pods-HTDemo-frameworks-${CONFIGURATION}-input-files.xcfilelist",
			);
			name = "[CP] Embed Pods Frameworks";
			outputFileListPaths = (
				"${PODS_ROOT}/Target Support Files/Pods-HTDemo/Pods-HTDemo-frameworks-${CONFIGURATION}-output-files.xcfilelist",
			);
			runOnlyForDeploymentPostprocessing = 0;
			shellPath = /bin/sh;
			shellScript = "\"${PODS_ROOT}/Target Support Files/Pods-HTDemo/Pods-HTDemo-frameworks.sh\"\n";
			showEnvVarsInLog = 0;
		};
		9CB21A29D505E23916D5C064 /* [CP] Check Pods Manifest.lock */ = {
			isa = PBXShellScriptBuildPhase;
			buildActionMask = 2147483647;
			files = (
			);
			inputFileListPaths = (
			);
			inputPaths = (
				"${PODS_PODFILE_DIR_PATH}/Podfile.lock",
				"${PODS_ROOT}/Manifest.lock",
			);
			name = "[CP] Check Pods Manifest.lock";
			outputFileListPaths = (
			);
			outputPaths = (
				"$(DERIVED_FILE_DIR)/Pods-HTDemo-checkManifestLockResult.txt",
			);
			runOnlyForDeploymentPostprocessing = 0;
			shellPath = /bin/sh;
			shellScript = "diff \"${PODS_PODFILE_DIR_PATH}/Podfile.lock\" \"${PODS_ROOT}/Manifest.lock\" > /dev/null\nif [ $? != 0 ] ; then\n    # print error to STDERR\n    echo \"error: The sandbox is not in sync with the Podfile.lock. Run 'pod install' or update your CocoaPods installation.\" >&2\n    exit 1\nfi\n# This output is used by Xcode 'outputs' to avoid re-running this script phase.\necho \"SUCCESS\" > \"${SCRIPT_OUTPUT_FILE_0}\"\n";
			showEnvVarsInLog = 0;
		};
/* End PBXShellScriptBuildPhase section */

/* Begin PBXSourcesBuildPhase section */
		18802D3624879D7600B973E3 /* Sources */ = {
			isa = PBXSourcesBuildPhase;
			buildActionMask = 2147483647;
			files = (
				18802D4524879D7600B973E3 /* ViewController.m in Sources */,
				18802D3F24879D7600B973E3 /* AppDelegate.m in Sources */,
				18802D5024879D7700B973E3 /* main.m in Sources */,
				18802D4224879D7600B973E3 /* SceneDelegate.m in Sources */,
			);
			runOnlyForDeploymentPostprocessing = 0;
		};
/* End PBXSourcesBuildPhase section */

/* Begin PBXVariantGroup section */
		18802D4624879D7600B973E3 /* Main.storyboard */ = {
			isa = PBXVariantGroup;
			children = (
				18802D4724879D7600B973E3 /* Base */,
			);
			name = Main.storyboard;
			sourceTree = "<group>";
		};
		18802D4B24879D7700B973E3 /* LaunchScreen.storyboard */ = {
			isa = PBXVariantGroup;
			children = (
				18802D4C24879D7700B973E3 /* Base */,
			);
			name = LaunchScreen.storyboard;
			sourceTree = "<group>";
		};
/* End PBXVariantGroup section */

/* Begin XCBuildConfiguration section */
		18802D5124879D7700B973E3 /* Debug */ = {
			isa = XCBuildConfiguration;
			buildSettings = {
				ALWAYS_SEARCH_USER_PATHS = NO;
				CLANG_ANALYZER_NONNULL = YES;
				CLANG_ANALYZER_NUMBER_OBJECT_CONVERSION = YES_AGGRESSIVE;
				CLANG_CXX_LANGUAGE_STANDARD = "gnu++14";
				CLANG_CXX_LIBRARY = "libc++";
				CLANG_ENABLE_MODULES = YES;
				CLANG_ENABLE_OBJC_ARC = YES;
				CLANG_ENABLE_OBJC_WEAK = YES;
				CLANG_WARN_BLOCK_CAPTURE_AUTORELEASING = YES;
				CLANG_WARN_BOOL_CONVERSION = YES;
				CLANG_WARN_COMMA = YES;
				CLANG_WARN_CONSTANT_CONVERSION = YES;
				CLANG_WARN_DEPRECATED_OBJC_IMPLEMENTATIONS = YES;
				CLANG_WARN_DIRECT_OBJC_ISA_USAGE = YES_ERROR;
				CLANG_WARN_DOCUMENTATION_COMMENTS = YES;
				CLANG_WARN_EMPTY_BODY = YES;
				CLANG_WARN_ENUM_CONVERSION = YES;
				CLANG_WARN_INFINITE_RECURSION = YES;
				CLANG_WARN_INT_CONVERSION = YES;
				CLANG_WARN_NON_LITERAL_NULL_CONVERSION = YES;
				CLANG_WARN_OBJC_IMPLICIT_RETAIN_SELF = YES;
				CLANG_WARN_OBJC_LITERAL_CONVERSION = YES;
				CLANG_WARN_OBJC_ROOT_CLASS = YES_ERROR;
				CLANG_WARN_RANGE_LOOP_ANALYSIS = YES;
				CLANG_WARN_STRICT_PROTOTYPES = YES;
				CLANG_WARN_SUSPICIOUS_MOVE = YES;
				CLANG_WARN_UNGUARDED_AVAILABILITY = YES_AGGRESSIVE;
				CLANG_WARN_UNREACHABLE_CODE = YES;
				CLANG_WARN__DUPLICATE_METHOD_MATCH = YES;
				COPY_PHASE_STRIP = NO;
				DEBUG_INFORMATION_FORMAT = dwarf;
				ENABLE_STRICT_OBJC_MSGSEND = YES;
				ENABLE_TESTABILITY = YES;
				GCC_C_LANGUAGE_STANDARD = gnu11;
				GCC_DYNAMIC_NO_PIC = NO;
				GCC_NO_COMMON_BLOCKS = YES;
				GCC_OPTIMIZATION_LEVEL = 0;
				GCC_PREPROCESSOR_DEFINITIONS = (
					"DEBUG=1",
					"$(inherited)",
				);
				GCC_WARN_64_TO_32_BIT_CONVERSION = YES;
				GCC_WARN_ABOUT_RETURN_TYPE = YES_ERROR;
				GCC_WARN_UNDECLARED_SELECTOR = YES;
				GCC_WARN_UNINITIALIZED_AUTOS = YES_AGGRESSIVE;
				GCC_WARN_UNUSED_FUNCTION = YES;
				GCC_WARN_UNUSED_VARIABLE = YES;
				IPHONEOS_DEPLOYMENT_TARGET = 13.2;
				MTL_ENABLE_DEBUG_INFO = INCLUDE_SOURCE;
				MTL_FAST_MATH = YES;
				ONLY_ACTIVE_ARCH = YES;
				SDKROOT = iphoneos;
			};
			name = Debug;
		};
		18802D5224879D7700B973E3 /* Release */ = {
			isa = XCBuildConfiguration;
			buildSettings = {
				ALWAYS_SEARCH_USER_PATHS = NO;
				CLANG_ANALYZER_NONNULL = YES;
				CLANG_ANALYZER_NUMBER_OBJECT_CONVERSION = YES_AGGRESSIVE;
				CLANG_CXX_LANGUAGE_STANDARD = "gnu++14";
				CLANG_CXX_LIBRARY = "libc++";
				CLANG_ENABLE_MODULES = YES;
				CLANG_ENABLE_OBJC_ARC = YES;
				CLANG_ENABLE_OBJC_WEAK = YES;
				CLANG_WARN_BLOCK_CAPTURE_AUTORELEASING = YES;
				CLANG_WARN_BOOL_CONVERSION = YES;
				CLANG_WARN_COMMA = YES;
				CLANG_WARN_CONSTANT_CONVERSION = YES;
				CLANG_WARN_DEPRECATED_OBJC_IMPLEMENTATIONS = YES;
				CLANG_WARN_DIRECT_OBJC_ISA_USAGE = YES_ERROR;
				CLANG_WARN_DOCUMENTATION_COMMENTS = YES;
				CLANG_WARN_EMPTY_BODY = YES;
				CLANG_WARN_ENUM_CONVERSION = YES;
				CLANG_WARN_INFINITE_RECURSION = YES;
				CLANG_WARN_INT_CONVERSION = YES;
				CLANG_WARN_NON_LITERAL_NULL_CONVERSION = YES;
				CLANG_WARN_OBJC_IMPLICIT_RETAIN_SELF = YES;
				CLANG_WARN_OBJC_LITERAL_CONVERSION = YES;
				CLANG_WARN_OBJC_ROOT_CLASS = YES_ERROR;
				CLANG_WARN_RANGE_LOOP_ANALYSIS = YES;
				CLANG_WARN_STRICT_PROTOTYPES = YES;
				CLANG_WARN_SUSPICIOUS_MOVE = YES;
				CLANG_WARN_UNGUARDED_AVAILABILITY = YES_AGGRESSIVE;
				CLANG_WARN_UNREACHABLE_CODE = YES;
				CLANG_WARN__DUPLICATE_METHOD_MATCH = YES;
				COPY_PHASE_STRIP = NO;
				DEBUG_INFORMATION_FORMAT = "dwarf-with-dsym";
				ENABLE_NS_ASSERTIONS = NO;
				ENABLE_STRICT_OBJC_MSGSEND = YES;
				GCC_C_LANGUAGE_STANDARD = gnu11;
				GCC_NO_COMMON_BLOCKS = YES;
				GCC_WARN_64_TO_32_BIT_CONVERSION = YES;
				GCC_WARN_ABOUT_RETURN_TYPE = YES_ERROR;
				GCC_WARN_UNDECLARED_SELECTOR = YES;
				GCC_WARN_UNINITIALIZED_AUTOS = YES_AGGRESSIVE;
				GCC_WARN_UNUSED_FUNCTION = YES;
				GCC_WARN_UNUSED_VARIABLE = YES;
				IPHONEOS_DEPLOYMENT_TARGET = 13.2;
				MTL_ENABLE_DEBUG_INFO = NO;
				MTL_FAST_MATH = YES;
				SDKROOT = iphoneos;
				VALIDATE_PRODUCT = YES;
			};
			name = Release;
		};
		18802D5424879D7700B973E3 /* Debug */ = {
			isa = XCBuildConfiguration;
			baseConfigurationReference = 5C29B40903E001152538848C /* Pods-HTDemo.debug.xcconfig */;
			buildSettings = {
				ASSETCATALOG_COMPILER_APPICON_NAME = AppIcon;
				CODE_SIGN_STYLE = Automatic;
				INFOPLIST_FILE = HTDemo/Info.plist;
				LD_RUNPATH_SEARCH_PATHS = (
					"$(inherited)",
					"@executable_path/Frameworks",
				);
				PRODUCT_BUNDLE_IDENTIFIER = Ryan.HTDemo;
				PRODUCT_NAME = "$(TARGET_NAME)";
				TARGETED_DEVICE_FAMILY = "1,2";
			};
			name = Debug;
		};
		18802D5524879D7700B973E3 /* Release */ = {
			isa = XCBuildConfiguration;
			baseConfigurationReference = 32FF89AE953601F2C749A27B /* Pods-HTDemo.release.xcconfig */;
			buildSettings = {
				ASSETCATALOG_COMPILER_APPICON_NAME = AppIcon;
				CODE_SIGN_STYLE = Automatic;
				INFOPLIST_FILE = HTDemo/Info.plist;
				LD_RUNPATH_SEARCH_PATHS = (
					"$(inherited)",
					"@executable_path/Frameworks",
				);
				PRODUCT_BUNDLE_IDENTIFIER = Ryan.HTDemo;
				PRODUCT_NAME = "$(TARGET_NAME)";
				TARGETED_DEVICE_FAMILY = "1,2";
			};
			name = Release;
		};
/* End XCBuildConfiguration section */

/* Begin XCConfigurationList section */
		18802D3524879D7600B973E3 /* Build configuration list for PBXProject "HTDemo" */ = {
			isa = XCConfigurationList;
			buildConfigurations = (
				18802D5124879D7700B973E3 /* Debug */,
				18802D5224879D7700B973E3 /* Release */,
			);
			defaultConfigurationIsVisible = 0;
			defaultConfigurationName = Release;
		};
		18802D5324879D7700B973E3 /* Build configuration list for PBXNativeTarget "HTDemo" */ = {
			isa = XCConfigurationList;
			buildConfigurations = (
				18802D5424879D7700B973E3 /* Debug */,
				18802D5524879D7700B973E3 /* Release */,
			);
			defaultConfigurationIsVisible = 0;
			defaultConfigurationName = Release;
		};
/* End XCConfigurationList section */
	};
	rootObject = 18802D3224879D7600B973E3 /* Project object */;
}
